// !$*UTF8*$!
{
	archiveVersion = 1;
	classes = {
	};
	objectVersion = 46;
	objects = {

/* Begin PBXBuildFile section */
		9F57699719DD94590007C2EF /* refresh.png in Resources */ = {isa = PBXBuildFile; fileRef = 9F57699619DD94590007C2EF /* refresh.png */; };
		BA323D0319DC1E5400F66BB8 /* test.txt in Resources */ = {isa = PBXBuildFile; fileRef = BA323D0219DC1E5400F66BB8 /* test.txt */; };
		BA85B14519DBE05B00FF042F /* main.m in Sources */ = {isa = PBXBuildFile; fileRef = BA85B14419DBE05B00FF042F /* main.m */; };
		BA85B14819DBE05B00FF042F /* AppDelegate.m in Sources */ = {isa = PBXBuildFile; fileRef = BA85B14719DBE05B00FF042F /* AppDelegate.m */; };
		BA85B14B19DBE05B00FF042F /* ViewController.m in Sources */ = {isa = PBXBuildFile; fileRef = BA85B14A19DBE05B00FF042F /* ViewController.m */; };
		BA85B14E19DBE05B00FF042F /* Main.storyboard in Resources */ = {isa = PBXBuildFile; fileRef = BA85B14C19DBE05B00FF042F /* Main.storyboard */; };
		BA85B15019DBE05B00FF042F /* Images.xcassets in Resources */ = {isa = PBXBuildFile; fileRef = BA85B14F19DBE05B00FF042F /* Images.xcassets */; };
		BA85B15C19DBE05B00FF042F /* ksanagapTests.m in Sources */ = {isa = PBXBuildFile; fileRef = BA85B15B19DBE05B00FF042F /* ksanagapTests.m */; };
		BA85B16619DBE0ED00FF042F /* index.html in Resources */ = {isa = PBXBuildFile; fileRef = BA85B16519DBE0ED00FF042F /* index.html */; };
		BA85B16819DBEB7400FF042F /* build.js in Resources */ = {isa = PBXBuildFile; fileRef = BA85B16719DBEB7400FF042F /* build.js */; };
/* End PBXBuildFile section */

/* Begin PBXContainerItemProxy section */
		BA85B15619DBE05B00FF042F /* PBXContainerItemProxy */ = {
			isa = PBXContainerItemProxy;
			containerPortal = BA85B13719DBE05B00FF042F /* Project object */;
			proxyType = 1;
			remoteGlobalIDString = BA85B13E19DBE05B00FF042F;
			remoteInfo = ksanagap;
		};
/* End PBXContainerItemProxy section */

/* Begin PBXFileReference section */
		9F57699619DD94590007C2EF /* refresh.png */ = {isa = PBXFileReference; lastKnownFileType = image.png; path = refresh.png; sourceTree = "<group>"; };
		BA323CF619DC115C00F66BB8 /* NLContext.h */ = {isa = PBXFileReference; lastKnownFileType = sourcecode.c.h; name = NLContext.h; path = ../../../Nodelike/Nodelike/NLContext.h; sourceTree = "<group>"; };
		BA323CF719DC118800F66BB8 /* pthread-fixes.h */ = {isa = PBXFileReference; lastKnownFileType = sourcecode.c.h; name = "pthread-fixes.h"; path = "../../../Nodelike/libuv/include/pthread-fixes.h"; sourceTree = "<group>"; };
		BA323CF819DC118800F66BB8 /* stdint-msvc2008.h */ = {isa = PBXFileReference; lastKnownFileType = sourcecode.c.h; name = "stdint-msvc2008.h"; path = "../../../Nodelike/libuv/include/stdint-msvc2008.h"; sourceTree = "<group>"; };
		BA323CF919DC118800F66BB8 /* tree.h */ = {isa = PBXFileReference; lastKnownFileType = sourcecode.c.h; name = tree.h; path = ../../../Nodelike/libuv/include/tree.h; sourceTree = "<group>"; };
		BA323CFA19DC118800F66BB8 /* uv-bsd.h */ = {isa = PBXFileReference; lastKnownFileType = sourcecode.c.h; name = "uv-bsd.h"; path = "../../../Nodelike/libuv/include/uv-bsd.h"; sourceTree = "<group>"; };
		BA323CFB19DC118800F66BB8 /* uv-darwin.h */ = {isa = PBXFileReference; lastKnownFileType = sourcecode.c.h; name = "uv-darwin.h"; path = "../../../Nodelike/libuv/include/uv-darwin.h"; sourceTree = "<group>"; };
		BA323CFC19DC118800F66BB8 /* uv-errno.h */ = {isa = PBXFileReference; lastKnownFileType = sourcecode.c.h; name = "uv-errno.h"; path = "../../../Nodelike/libuv/include/uv-errno.h"; sourceTree = "<group>"; };
		BA323CFD19DC118800F66BB8 /* uv-linux.h */ = {isa = PBXFileReference; lastKnownFileType = sourcecode.c.h; name = "uv-linux.h"; path = "../../../Nodelike/libuv/include/uv-linux.h"; sourceTree = "<group>"; };
		BA323CFE19DC118800F66BB8 /* uv-sunos.h */ = {isa = PBXFileReference; lastKnownFileType = sourcecode.c.h; name = "uv-sunos.h"; path = "../../../Nodelike/libuv/include/uv-sunos.h"; sourceTree = "<group>"; };
		BA323CFF19DC118800F66BB8 /* uv-unix.h */ = {isa = PBXFileReference; lastKnownFileType = sourcecode.c.h; name = "uv-unix.h"; path = "../../../Nodelike/libuv/include/uv-unix.h"; sourceTree = "<group>"; };
		BA323D0019DC118800F66BB8 /* uv-win.h */ = {isa = PBXFileReference; lastKnownFileType = sourcecode.c.h; name = "uv-win.h"; path = "../../../Nodelike/libuv/include/uv-win.h"; sourceTree = "<group>"; };
		BA323D0119DC118800F66BB8 /* uv.h */ = {isa = PBXFileReference; lastKnownFileType = sourcecode.c.h; name = uv.h; path = ../../../Nodelike/libuv/include/uv.h; sourceTree = "<group>"; };
		BA323D0219DC1E5400F66BB8 /* test.txt */ = {isa = PBXFileReference; fileEncoding = 4; lastKnownFileType = text; name = test.txt; path = ../test.txt; sourceTree = "<group>"; };
		BA85B13F19DBE05B00FF042F /* ksanagap.app */ = {isa = PBXFileReference; explicitFileType = wrapper.application; includeInIndex = 0; path = ksanagap.app; sourceTree = BUILT_PRODUCTS_DIR; };
		BA85B14319DBE05B00FF042F /* Info.plist */ = {isa = PBXFileReference; lastKnownFileType = text.plist.xml; path = Info.plist; sourceTree = "<group>"; };
		BA85B14419DBE05B00FF042F /* main.m */ = {isa = PBXFileReference; lastKnownFileType = sourcecode.c.objc; path = main.m; sourceTree = "<group>"; };
		BA85B14619DBE05B00FF042F /* AppDelegate.h */ = {isa = PBXFileReference; lastKnownFileType = sourcecode.c.h; path = AppDelegate.h; sourceTree = "<group>"; };
		BA85B14719DBE05B00FF042F /* AppDelegate.m */ = {isa = PBXFileReference; lastKnownFileType = sourcecode.c.objc; path = AppDelegate.m; sourceTree = "<group>"; };
		BA85B14919DBE05B00FF042F /* ViewController.h */ = {isa = PBXFileReference; lastKnownFileType = sourcecode.c.h; path = ViewController.h; sourceTree = "<group>"; };
		BA85B14A19DBE05B00FF042F /* ViewController.m */ = {isa = PBXFileReference; lastKnownFileType = sourcecode.c.objc; path = ViewController.m; sourceTree = "<group>"; };
		BA85B14D19DBE05B00FF042F /* Base */ = {isa = PBXFileReference; lastKnownFileType = file.storyboard; name = Base; path = Base.lproj/Main.storyboard; sourceTree = "<group>"; };
		BA85B14F19DBE05B00FF042F /* Images.xcassets */ = {isa = PBXFileReference; lastKnownFileType = folder.assetcatalog; path = Images.xcassets; sourceTree = "<group>"; };
		BA85B15519DBE05B00FF042F /* ksanagapTests.xctest */ = {isa = PBXFileReference; explicitFileType = wrapper.cfbundle; includeInIndex = 0; path = ksanagapTests.xctest; sourceTree = BUILT_PRODUCTS_DIR; };
		BA85B15A19DBE05B00FF042F /* Info.plist */ = {isa = PBXFileReference; lastKnownFileType = text.plist.xml; path = Info.plist; sourceTree = "<group>"; };
		BA85B15B19DBE05B00FF042F /* ksanagapTests.m */ = {isa = PBXFileReference; lastKnownFileType = sourcecode.c.objc; path = ksanagapTests.m; sourceTree = "<group>"; };
		BA85B16519DBE0ED00FF042F /* index.html */ = {isa = PBXFileReference; fileEncoding = 4; lastKnownFileType = text.html; path = index.html; sourceTree = "<group>"; };
		BA85B16719DBEB7400FF042F /* build.js */ = {isa = PBXFileReference; fileEncoding = 4; lastKnownFileType = sourcecode.javascript; path = build.js; sourceTree = "<group>"; };
/* End PBXFileReference section */

/* Begin PBXFrameworksBuildPhase section */
		BA85B13C19DBE05B00FF042F /* Frameworks */ = {
			isa = PBXFrameworksBuildPhase;
			buildActionMask = 2147483647;
			files = (
			);
			runOnlyForDeploymentPostprocessing = 0;
		};
		BA85B15219DBE05B00FF042F /* Frameworks */ = {
			isa = PBXFrameworksBuildPhase;
			buildActionMask = 2147483647;
			files = (
			);
			runOnlyForDeploymentPostprocessing = 0;
		};
/* End PBXFrameworksBuildPhase section */

/* Begin PBXGroup section */
		BA85B13619DBE05B00FF042F = {
			isa = PBXGroup;
			children = (
				BA85B14119DBE05B00FF042F /* ksanagap */,
				BA85B15819DBE05B00FF042F /* ksanagapTests */,
				BA85B14019DBE05B00FF042F /* Products */,
			);
			sourceTree = "<group>";
		};
		BA85B14019DBE05B00FF042F /* Products */ = {
			isa = PBXGroup;
			children = (
				BA85B13F19DBE05B00FF042F /* ksanagap.app */,
				BA85B15519DBE05B00FF042F /* ksanagapTests.xctest */,
			);
			name = Products;
			sourceTree = "<group>";
		};
		BA85B14119DBE05B00FF042F /* ksanagap */ = {
			isa = PBXGroup;
			children = (
				BA85B14619DBE05B00FF042F /* AppDelegate.h */,
				BA85B14719DBE05B00FF042F /* AppDelegate.m */,
				BA85B14919DBE05B00FF042F /* ViewController.h */,
				BA85B14A19DBE05B00FF042F /* ViewController.m */,
				BA85B16519DBE0ED00FF042F /* index.html */,
				BA85B16719DBEB7400FF042F /* build.js */,
				BA323D0219DC1E5400F66BB8 /* test.txt */,
				BA85B14C19DBE05B00FF042F /* Main.storyboard */,
				9F57699619DD94590007C2EF /* refresh.png */,
				BA85B14F19DBE05B00FF042F /* Images.xcassets */,
				BA85B14219DBE05B00FF042F /* Supporting Files */,
			);
			path = ksanagap;
			sourceTree = "<group>";
		};
		BA85B14219DBE05B00FF042F /* Supporting Files */ = {
			isa = PBXGroup;
			children = (
				BA323CF619DC115C00F66BB8 /* NLContext.h */,
				BA323CF719DC118800F66BB8 /* pthread-fixes.h */,
				BA323CF819DC118800F66BB8 /* stdint-msvc2008.h */,
				BA323CF919DC118800F66BB8 /* tree.h */,
				BA323CFA19DC118800F66BB8 /* uv-bsd.h */,
				BA323CFB19DC118800F66BB8 /* uv-darwin.h */,
				BA323CFC19DC118800F66BB8 /* uv-errno.h */,
				BA323CFD19DC118800F66BB8 /* uv-linux.h */,
				BA323CFE19DC118800F66BB8 /* uv-sunos.h */,
				BA323CFF19DC118800F66BB8 /* uv-unix.h */,
				BA323D0019DC118800F66BB8 /* uv-win.h */,
				BA323D0119DC118800F66BB8 /* uv.h */,
				BA85B14319DBE05B00FF042F /* Info.plist */,
				BA85B14419DBE05B00FF042F /* main.m */,
			);
			name = "Supporting Files";
			sourceTree = "<group>";
		};
		BA85B15819DBE05B00FF042F /* ksanagapTests */ = {
			isa = PBXGroup;
			children = (
				BA85B15B19DBE05B00FF042F /* ksanagapTests.m */,
				BA85B15919DBE05B00FF042F /* Supporting Files */,
			);
			path = ksanagapTests;
			sourceTree = "<group>";
		};
		BA85B15919DBE05B00FF042F /* Supporting Files */ = {
			isa = PBXGroup;
			children = (
				BA85B15A19DBE05B00FF042F /* Info.plist */,
			);
			name = "Supporting Files";
			sourceTree = "<group>";
		};
/* End PBXGroup section */

/* Begin PBXNativeTarget section */
		BA85B13E19DBE05B00FF042F /* ksanagap */ = {
			isa = PBXNativeTarget;
			buildConfigurationList = BA85B15F19DBE05B00FF042F /* Build configuration list for PBXNativeTarget "ksanagap" */;
			buildPhases = (
				BA85B13B19DBE05B00FF042F /* Sources */,
				BA85B13C19DBE05B00FF042F /* Frameworks */,
				BA85B13D19DBE05B00FF042F /* Resources */,
			);
			buildRules = (
			);
			dependencies = (
			);
			name = ksanagap;
			productName = ksanagap;
			productReference = BA85B13F19DBE05B00FF042F /* ksanagap.app */;
			productType = "com.apple.product-type.application";
		};
		BA85B15419DBE05B00FF042F /* ksanagapTests */ = {
			isa = PBXNativeTarget;
			buildConfigurationList = BA85B16219DBE05B00FF042F /* Build configuration list for PBXNativeTarget "ksanagapTests" */;
			buildPhases = (
				BA85B15119DBE05B00FF042F /* Sources */,
				BA85B15219DBE05B00FF042F /* Frameworks */,
				BA85B15319DBE05B00FF042F /* Resources */,
			);
			buildRules = (
			);
			dependencies = (
				BA85B15719DBE05B00FF042F /* PBXTargetDependency */,
			);
			name = ksanagapTests;
			productName = ksanagapTests;
			productReference = BA85B15519DBE05B00FF042F /* ksanagapTests.xctest */;
			productType = "com.apple.product-type.bundle.unit-test";
		};
/* End PBXNativeTarget section */

/* Begin PBXProject section */
		BA85B13719DBE05B00FF042F /* Project object */ = {
			isa = PBXProject;
			attributes = {
				LastUpgradeCheck = 0600;
				ORGANIZATIONNAME = "Hsiao Allen";
				TargetAttributes = {
					BA85B13E19DBE05B00FF042F = {
						CreatedOnToolsVersion = 6.0;
						DevelopmentTeam = K78UD4724Z;
					};
					BA85B15419DBE05B00FF042F = {
						CreatedOnToolsVersion = 6.0;
						TestTargetID = BA85B13E19DBE05B00FF042F;
					};
				};
			};
			buildConfigurationList = BA85B13A19DBE05B00FF042F /* Build configuration list for PBXProject "ksanagap" */;
			compatibilityVersion = "Xcode 3.2";
			developmentRegion = English;
			hasScannedForEncodings = 0;
			knownRegions = (
				en,
				Base,
			);
			mainGroup = BA85B13619DBE05B00FF042F;
			productRefGroup = BA85B14019DBE05B00FF042F /* Products */;
			projectDirPath = "";
			projectRoot = "";
			targets = (
				BA85B13E19DBE05B00FF042F /* ksanagap */,
				BA85B15419DBE05B00FF042F /* ksanagapTests */,
			);
		};
/* End PBXProject section */

/* Begin PBXResourcesBuildPhase section */
		BA85B13D19DBE05B00FF042F /* Resources */ = {
			isa = PBXResourcesBuildPhase;
			buildActionMask = 2147483647;
			files = (
				BA85B16819DBEB7400FF042F /* build.js in Resources */,
				BA85B14E19DBE05B00FF042F /* Main.storyboard in Resources */,
				BA85B15019DBE05B00FF042F /* Images.xcassets in Resources */,
				BA85B16619DBE0ED00FF042F /* index.html in Resources */,
				BA323D0319DC1E5400F66BB8 /* test.txt in Resources */,
				9F57699719DD94590007C2EF /* refresh.png in Resources */,
			);
			runOnlyForDeploymentPostprocessing = 0;
		};
		BA85B15319DBE05B00FF042F /* Resources */ = {
			isa = PBXResourcesBuildPhase;
			buildActionMask = 2147483647;
			files = (
			);
			runOnlyForDeploymentPostprocessing = 0;
		};
/* End PBXResourcesBuildPhase section */

/* Begin PBXSourcesBuildPhase section */
		BA85B13B19DBE05B00FF042F /* Sources */ = {
			isa = PBXSourcesBuildPhase;
			buildActionMask = 2147483647;
			files = (
				BA85B14B19DBE05B00FF042F /* ViewController.m in Sources */,
				BA85B14819DBE05B00FF042F /* AppDelegate.m in Sources */,
				BA85B14519DBE05B00FF042F /* main.m in Sources */,
			);
			runOnlyForDeploymentPostprocessing = 0;
		};
		BA85B15119DBE05B00FF042F /* Sources */ = {
			isa = PBXSourcesBuildPhase;
			buildActionMask = 2147483647;
			files = (
				BA85B15C19DBE05B00FF042F /* ksanagapTests.m in Sources */,
			);
			runOnlyForDeploymentPostprocessing = 0;
		};
/* End PBXSourcesBuildPhase section */

/* Begin PBXTargetDependency section */
		BA85B15719DBE05B00FF042F /* PBXTargetDependency */ = {
			isa = PBXTargetDependency;
			target = BA85B13E19DBE05B00FF042F /* ksanagap */;
			targetProxy = BA85B15619DBE05B00FF042F /* PBXContainerItemProxy */;
		};
/* End PBXTargetDependency section */

/* Begin PBXVariantGroup section */
		BA85B14C19DBE05B00FF042F /* Main.storyboard */ = {
			isa = PBXVariantGroup;
			children = (
				BA85B14D19DBE05B00FF042F /* Base */,
			);
			name = Main.storyboard;
			sourceTree = "<group>";
		};
/* End PBXVariantGroup section */

/* Begin XCBuildConfiguration section */
		BA85B15D19DBE05B00FF042F /* Debug */ = {
			isa = XCBuildConfiguration;
			buildSettings = {
				ALWAYS_SEARCH_USER_PATHS = NO;
				CLANG_CXX_LANGUAGE_STANDARD = "gnu++0x";
				CLANG_CXX_LIBRARY = "libc++";
				CLANG_ENABLE_MODULES = YES;
				CLANG_ENABLE_OBJC_ARC = YES;
				CLANG_WARN_BOOL_CONVERSION = YES;
				CLANG_WARN_CONSTANT_CONVERSION = YES;
				CLANG_WARN_DIRECT_OBJC_ISA_USAGE = YES_ERROR;
				CLANG_WARN_EMPTY_BODY = YES;
				CLANG_WARN_ENUM_CONVERSION = YES;
				CLANG_WARN_INT_CONVERSION = YES;
				CLANG_WARN_OBJC_ROOT_CLASS = YES_ERROR;
				CLANG_WARN_UNREACHABLE_CODE = YES;
				CLANG_WARN__DUPLICATE_METHOD_MATCH = YES;
				"CODE_SIGN_IDENTITY[sdk=iphoneos*]" = "iPhone Developer";
				COPY_PHASE_STRIP = NO;
				ENABLE_STRICT_OBJC_MSGSEND = YES;
				GCC_C_LANGUAGE_STANDARD = gnu99;
				GCC_DYNAMIC_NO_PIC = NO;
				GCC_OPTIMIZATION_LEVEL = 0;
				GCC_PREPROCESSOR_DEFINITIONS = (
					"DEBUG=1",
					"$(inherited)",
				);
				GCC_SYMBOLS_PRIVATE_EXTERN = NO;
				GCC_WARN_64_TO_32_BIT_CONVERSION = YES;
				GCC_WARN_ABOUT_RETURN_TYPE = YES_ERROR;
				GCC_WARN_UNDECLARED_SELECTOR = YES;
				GCC_WARN_UNINITIALIZED_AUTOS = YES_AGGRESSIVE;
				GCC_WARN_UNUSED_FUNCTION = YES;
				GCC_WARN_UNUSED_VARIABLE = YES;
				IPHONEOS_DEPLOYMENT_TARGET = 8.0;
				MTL_ENABLE_DEBUG_INFO = YES;
				ONLY_ACTIVE_ARCH = YES;
				SDKROOT = iphoneos;
				TARGETED_DEVICE_FAMILY = "1,2";
			};
			name = Debug;
		};
		BA85B15E19DBE05B00FF042F /* Release */ = {
			isa = XCBuildConfiguration;
			buildSettings = {
				ALWAYS_SEARCH_USER_PATHS = NO;
				CLANG_CXX_LANGUAGE_STANDARD = "gnu++0x";
				CLANG_CXX_LIBRARY = "libc++";
				CLANG_ENABLE_MODULES = YES;
				CLANG_ENABLE_OBJC_ARC = YES;
				CLANG_WARN_BOOL_CONVERSION = YES;
				CLANG_WARN_CONSTANT_CONVERSION = YES;
				CLANG_WARN_DIRECT_OBJC_ISA_USAGE = YES_ERROR;
				CLANG_WARN_EMPTY_BODY = YES;
				CLANG_WARN_ENUM_CONVERSION = YES;
				CLANG_WARN_INT_CONVERSION = YES;
				CLANG_WARN_OBJC_ROOT_CLASS = YES_ERROR;
				CLANG_WARN_UNREACHABLE_CODE = YES;
				CLANG_WARN__DUPLICATE_METHOD_MATCH = YES;
				"CODE_SIGN_IDENTITY[sdk=iphoneos*]" = "iPhone Developer";
				COPY_PHASE_STRIP = YES;
				ENABLE_NS_ASSERTIONS = NO;
				ENABLE_STRICT_OBJC_MSGSEND = YES;
				GCC_C_LANGUAGE_STANDARD = gnu99;
				GCC_WARN_64_TO_32_BIT_CONVERSION = YES;
				GCC_WARN_ABOUT_RETURN_TYPE = YES_ERROR;
				GCC_WARN_UNDECLARED_SELECTOR = YES;
				GCC_WARN_UNINITIALIZED_AUTOS = YES_AGGRESSIVE;
				GCC_WARN_UNUSED_FUNCTION = YES;
				GCC_WARN_UNUSED_VARIABLE = YES;
				IPHONEOS_DEPLOYMENT_TARGET = 8.0;
				MTL_ENABLE_DEBUG_INFO = NO;
				SDKROOT = iphoneos;
				TARGETED_DEVICE_FAMILY = "1,2";
				VALIDATE_PRODUCT = YES;
			};
			name = Release;
		};
		BA85B16019DBE05B00FF042F /* Debug */ = {
			isa = XCBuildConfiguration;
			buildSettings = {
				ASSETCATALOG_COMPILER_APPICON_NAME = AppIcon;
				ASSETCATALOG_COMPILER_LAUNCHIMAGE_NAME = LaunchImage;
				CODE_SIGN_IDENTITY = "iPhone Developer";
				"CODE_SIGN_IDENTITY[sdk=iphoneos*]" = "iPhone Developer";
				INFOPLIST_FILE = ksanagap/Info.plist;
				LD_RUNPATH_SEARCH_PATHS = "$(inherited) @executable_path/Frameworks";
				LIBRARY_SEARCH_PATHS = (
					"$(inherited)",
					"$(USER_LIBRARY_DIR)/Developer/Xcode/DerivedData/Nodelike-aslqrgkdaaxnpiecrjggzhdcydaw/Build/Products/Debug-iphonesimulator",
				);
				PRODUCT_NAME = "$(TARGET_NAME)";
				PROVISIONING_PROFILE = "";
			};
			name = Debug;
		};
		BA85B16119DBE05B00FF042F /* Release */ = {
			isa = XCBuildConfiguration;
			buildSettings = {
				ASSETCATALOG_COMPILER_APPICON_NAME = AppIcon;
				ASSETCATALOG_COMPILER_LAUNCHIMAGE_NAME = LaunchImage;
				CODE_SIGN_IDENTITY = "iPhone Developer";
				"CODE_SIGN_IDENTITY[sdk=iphoneos*]" = "iPhone Developer";
				INFOPLIST_FILE = ksanagap/Info.plist;
				LD_RUNPATH_SEARCH_PATHS = "$(inherited) @executable_path/Frameworks";
				LIBRARY_SEARCH_PATHS = (
					"$(inherited)",
					"$(USER_LIBRARY_DIR)/Developer/Xcode/DerivedData/Nodelike-aslqrgkdaaxnpiecrjggzhdcydaw/Build/Products/Debug-iphonesimulator",
				);
				PRODUCT_NAME = "$(TARGET_NAME)";
				PROVISIONING_PROFILE = "";
			};
			name = Release;
		};
		BA85B16319DBE05B00FF042F /* Debug */ = {
			isa = XCBuildConfiguration;
			buildSettings = {
				BUNDLE_LOADER = "$(TEST_HOST)";
				FRAMEWORK_SEARCH_PATHS = (
					"$(SDKROOT)/Developer/Library/Frameworks",
					"$(inherited)",
				);
				GCC_PREPROCESSOR_DEFINITIONS = (
					"DEBUG=1",
					"$(inherited)",
				);
				INFOPLIST_FILE = ksanagapTests/Info.plist;
				LD_RUNPATH_SEARCH_PATHS = "$(inherited) @executable_path/Frameworks @loader_path/Frameworks";
				PRODUCT_NAME = "$(TARGET_NAME)";
				TEST_HOST = "$(BUILT_PRODUCTS_DIR)/ksanagap.app/ksanagap";
			};
			name = Debug;
		};
		BA85B16419DBE05B00FF042F /* Release */ = {
			isa = XCBuildConfiguration;
			buildSettings = {
				BUNDLE_LOADER = "$(TEST_HOST)";
				FRAMEWORK_SEARCH_PATHS = (
					"$(SDKROOT)/Developer/Library/Frameworks",
					"$(inherited)",
				);
				INFOPLIST_FILE = ksanagapTests/Info.plist;
				LD_RUNPATH_SEARCH_PATHS = "$(inherited) @executable_path/Frameworks @loader_path/Frameworks";
				PRODUCT_NAME = "$(TARGET_NAME)";
				TEST_HOST = "$(BUILT_PRODUCTS_DIR)/ksanagap.app/ksanagap";
			};
			name = Release;
		};
/* End XCBuildConfiguration section */

/* Begin XCConfigurationList section */
		BA85B13A19DBE05B00FF042F /* Build configuration list for PBXProject "ksanagap" */ = {
			isa = XCConfigurationList;
			buildConfigurations = (
				BA85B15D19DBE05B00FF042F /* Debug */,
				BA85B15E19DBE05B00FF042F /* Release */,
			);
			defaultConfigurationIsVisible = 0;
			defaultConfigurationName = Release;
		};
		BA85B15F19DBE05B00FF042F /* Build configuration list for PBXNativeTarget "ksanagap" */ = {
			isa = XCConfigurationList;
			buildConfigurations = (
				BA85B16019DBE05B00FF042F /* Debug */,
				BA85B16119DBE05B00FF042F /* Release */,
			);
			defaultConfigurationIsVisible = 0;
			defaultConfigurationName = Release;
		};
		BA85B16219DBE05B00FF042F /* Build configuration list for PBXNativeTarget "ksanagapTests" */ = {
			isa = XCConfigurationList;
			buildConfigurations = (
				BA85B16319DBE05B00FF042F /* Debug */,
				BA85B16419DBE05B00FF042F /* Release */,
			);
			defaultConfigurationIsVisible = 0;
			defaultConfigurationName = Release;
		};
/* End XCConfigurationList section */
	};
	rootObject = BA85B13719DBE05B00FF042F /* Project object */;
}
